
Microsoft Visual Studio Solution File, Format Version 12.00
# Visual Studio 2012
Project("{FAE04EC0-301F-11D3-BF4B-00C04F79EFBC}") = "SMCLoan", "SMCLoan\SMCLoan.csproj", "{5B9BFA5F-FD73-4A4C-BD47-5C15CF0A681B}"
EndProject
Project("{FAE04EC0-301F-11D3-BF4B-00C04F79EFBC}") = "SMCLoanFacts", "SMCLoanFacts\SMCLoanFacts.csproj", "{177329AC-7929-4992-8581-6D74A786A7CA}"
EndProject
Project("{2150E333-8FDC-42A3-9474-1A3956D46DE8}") = ".nuget", ".nuget", "{509D7F57-872F-460E-B7DF-B4E06145FE5A}"
	ProjectSection(SolutionItems) = preProject
		.nuget\packages.config = .nuget\packages.config
	EndProjectSection
EndProject
Project("{2150E333-8FDC-42A3-9474-1A3956D46DE8}") = "Solution Items", "Solution Items", "{6A70C219-F8AC-41C0-AF3D-D9FAD3E1EA3F}"
	ProjectSection(SolutionItems) = preProject
		test.bat = test.bat
	EndProjectSection
EndProject
Global
	GlobalSection(SolutionConfigurationPlatforms) = preSolution
		Debug|Any CPU = Debug|Any CPU
		Release|Any CPU = Release|Any CPU
	EndGlobalSection
	GlobalSection(ProjectConfigurationPlatforms) = postSolution
		{5B9BFA5F-FD73-4A4C-BD47-5C15CF0A681B}.Debug|Any CPU.ActiveCfg = Debug|Any CPU
		{5B9BFA5F-FD73-4A4C-BD47-5C15CF0A681B}.Debug|Any CPU.Build.0 = Debug|Any CPU
		{5B9BFA5F-FD73-4A4C-BD47-5C15CF0A681B}.Release|Any CPU.ActiveCfg = Release|Any CPU
		{5B9BFA5F-FD73-4A4C-BD47-5C15CF0A681B}.Release|Any CPU.Build.0 = Release|Any CPU
		{177329AC-7929-4992-8581-6D74A786A7CA}.Debug|Any CPU.ActiveCfg = Debug|Any CPU
		{177329AC-7929-4992-8581-6D74A786A7CA}.Debug|Any CPU.Build.0 = Debug|Any CPU
		{177329AC-7929-4992-8581-6D74A786A7CA}.Release|Any CPU.ActiveCfg = Release|Any CPU
		{177329AC-7929-4992-8581-6D74A786A7CA}.Release|Any CPU.Build.0 = Release|Any CPU
	EndGlobalSection
	GlobalSection(SolutionProperties) = preSolution
		HideSolutionNode = FALSE
	EndGlobalSection
EndGlobal
